
Microsoft Visual Studio Solution File, Format Version 12.00
# Visual Studio Version 16
VisualStudioVersion = 16.0.31321.278
MinimumVisualStudioVersion = 10.0.40219.1
Project("{8BC9CEB8-8B4A-11D0-8D11-00A0C91BC942}") = "OpenGLEj5", "OpenGLEj5\OpenGLEj5.vcxproj", "{1551894F-1CDA-460F-B587-90EFB88916D2}"
EndProject
Global
	GlobalSection(SolutionConfigurationPlatforms) = preSolution
		Debug|x64 = Debug|x64
		Debug|x86 = Debug|x86
		Release|x64 = Release|x64
		Release|x86 = Release|x86
	EndGlobalSection
	GlobalSection(ProjectConfigurationPlatforms) = postSolution
		{1551894F-1CDA-460F-B587-90EFB88916D2}.Debug|x64.ActiveCfg = Debug|x64
		{1551894F-1CDA-460F-B587-90EFB88916D2}.Debug|x64.Build.0 = Debug|x64
		{1551894F-1CDA-460F-B587-90EFB88916D2}.Debug|x86.ActiveCfg = Debug|Win32
		{1551894F-1CDA-460F-B587-90EFB88916D2}.Debug|x86.Build.0 = Debug|Win32
		{1551894F-1CDA-460F-B587-90EFB88916D2}.Release|x64.ActiveCfg = Release|x64
		{1551894F-1CDA-460F-B587-90EFB88916D2}.Release|x64.Build.0 = Release|x64
		{1551894F-1CDA-460F-B587-90EFB88916D2}.Release|x86.ActiveCfg = Release|Win32
		{1551894F-1CDA-460F-B587-90EFB88916D2}.Release|x86.Build.0 = Release|Win32
	EndGlobalSection
	GlobalSection(SolutionProperties) = preSolution
		HideSolutionNode = FALSE
	EndGlobalSection
	GlobalSection(ExtensibilityGlobals) = postSolution
		SolutionGuid = {8FAA3A40-5149-45E7-AF0E-03B54B50D403}
	EndGlobalSection
EndGlobal
